# THIS IS AN AUTOGENERATED FILE. DO NOT EDIT THIS FILE DIRECTLY.
# yarn lockfile v1


cloudinary@^2.6.0:
  version "2.6.0"
  resolved "https://registry.yarnpkg.com/cloudinary/-/cloudinary-2.6.0.tgz#e8d41b146d2ad8a4d9bce4680496406122e82b9f"
  integrity sha512-FIlny9RR5LPgkMioG4V7yUpC6ASyIFQMWfx4TgOi/xBeLxJTegbyQc3itiXL0b0lDlSaL0KyT2THEw6osrKqpQ==
  dependencies:
    lodash "^4.17.21"
    q "^1.5.1"

lodash@^4.17.21:
  version "4.17.21"
  resolved "https://registry.yarnpkg.com/lodash/-/lodash-4.17.21.tgz#679591c564c3bffaae8454cf0b3df370c3d6911c"
  integrity sha512-v2kDEe57lecTulaDIuNTPy3Ry4gLGJ6Z1O3vE1krgXZNrsQ+LFTGHVxVjcXPs17LhbZVGedAJv8XZ1tvj5FvSg==

multer-storage-cloudinary@^4.0.0:
  version "4.0.0"
  resolved "https://registry.yarnpkg.com/multer-storage-cloudinary/-/multer-storage-cloudinary-4.0.0.tgz#afc9e73c353668c57dda5b73b7bb84bae6635f6f"
  integrity sha512-25lm9R6o5dWrHLqLvygNX+kBOxprzpmZdnVKH4+r68WcfCt8XV6xfQaMuAg+kUE5Xmr8mJNA4gE0AcBj9FJyWA==

q@^1.5.1:
  version "1.5.1"
  resolved "https://registry.yarnpkg.com/q/-/q-1.5.1.tgz#7e32f75b41381291d04611f1bf14109ac00651d7"
  integrity sha512-kV/CThkXo6xyFEZUugw/+pIOywXcDbFYgSct5cT3gqlbkBE1SJdwy6UQoZvodiWF/ckQLZyDE/Bu1M6gVu5lVw==
